
Microsoft Visual Studio Solution File, Format Version 12.00
# Visual Studio Version 17
VisualStudioVersion = 17.14.37111.16 d17.14
MinimumVisualStudioVersion = 10.0.40219.1
Project("{FAE04EC0-301F-11D3-BF4B-00C04F79EFBC}") = "GoogleBookApi", "GoogleBookApi\GoogleBookApi.csproj", "{2D901F7E-5678-4534-A4EA-227F49AF7808}"
EndProject
Project("{FAE04EC0-301F-11D3-BF4B-00C04F79EFBC}") = "ApiService", "ApiService\ApiService.csproj", "{6E130342-A972-4DD8-8EBA-79E484F42E80}"
EndProject
Project("{FAE04EC0-301F-11D3-BF4B-00C04F79EFBC}") = "ApiInfrastructure", "ApiInfrastructure\ApiInfrastructure.csproj", "{14CE4AC5-598B-4ABC-AC16-79D56A6AE643}"
EndProject
Global
	GlobalSection(SolutionConfigurationPlatforms) = preSolution
		Debug|Any CPU = Debug|Any CPU
		Release|Any CPU = Release|Any CPU
	EndGlobalSection
	GlobalSection(ProjectConfigurationPlatforms) = postSolution
		{2D901F7E-5678-4534-A4EA-227F49AF7808}.Debug|Any CPU.ActiveCfg = Debug|Any CPU
		{2D901F7E-5678-4534-A4EA-227F49AF7808}.Debug|Any CPU.Build.0 = Debug|Any CPU
		{2D901F7E-5678-4534-A4EA-227F49AF7808}.Release|Any CPU.ActiveCfg = Release|Any CPU
		{2D901F7E-5678-4534-A4EA-227F49AF7808}.Release|Any CPU.Build.0 = Release|Any CPU
		{6E130342-A972-4DD8-8EBA-79E484F42E80}.Debug|Any CPU.ActiveCfg = Debug|Any CPU
		{6E130342-A972-4DD8-8EBA-79E484F42E80}.Debug|Any CPU.Build.0 = Debug|Any CPU
		{6E130342-A972-4DD8-8EBA-79E484F42E80}.Release|Any CPU.ActiveCfg = Release|Any CPU
		{6E130342-A972-4DD8-8EBA-79E484F42E80}.Release|Any CPU.Build.0 = Release|Any CPU
		{14CE4AC5-598B-4ABC-AC16-79D56A6AE643}.Debug|Any CPU.ActiveCfg = Debug|Any CPU
		{14CE4AC5-598B-4ABC-AC16-79D56A6AE643}.Debug|Any CPU.Build.0 = Debug|Any CPU
		{14CE4AC5-598B-4ABC-AC16-79D56A6AE643}.Release|Any CPU.ActiveCfg = Release|Any CPU
		{14CE4AC5-598B-4ABC-AC16-79D56A6AE643}.Release|Any CPU.Build.0 = Release|Any CPU
	EndGlobalSection
	GlobalSection(SolutionProperties) = preSolution
		HideSolutionNode = FALSE
	EndGlobalSection
	GlobalSection(ExtensibilityGlobals) = postSolution
		SolutionGuid = {3168B807-673C-4184-9AA7-EB81FD594B37}
	EndGlobalSection
EndGlobal
